// !$*UTF8*$!
{
	archiveVersion = 1;
	classes = {
	};
	objectVersion = 56;
	objects = {

/* Begin PBXBuildFile section */
		A639B8A92CDF8BA300B42806 /* ImagePicker.swift in Sources */ = {isa = PBXBuildFile; fileRef = A639B8A82CDF8B9900B42806 /* ImagePicker.swift */; };
		A639B8AB2CDF8CCB00B42806 /* LinkCheckView.swift in Sources */ = {isa = PBXBuildFile; fileRef = A639B8AA2CDF8CBD00B42806 /* LinkCheckView.swift */; };
		A639B8AD2CDF8CF900B42806 /* DocumentPicker.swift in Sources */ = {isa = PBXBuildFile; fileRef = A639B8AC2CDF8CF000B42806 /* DocumentPicker.swift */; };
		A639B8B12CDF8D2300B42806 /* QRCodeScanner.swift in Sources */ = {isa = PBXBuildFile; fileRef = A639B8B02CDF8D1F00B42806 /* QRCodeScanner.swift */; };
		A639B8B32CDF8D3B00B42806 /* ScanResponse.swift in Sources */ = {isa = PBXBuildFile; fileRef = A639B8B22CDF8D3000B42806 /* ScanResponse.swift */; };
		CE8D62372CDFA2BD00A831A1 /* ProfileView.swift in Sources */ = {isa = PBXBuildFile; fileRef = CE8D62362CDFA2BD00A831A1 /* ProfileView.swift */; };
		CEB4DCCD2CB87EFE006C241A /* ViewController.swift in Sources */ = {isa = PBXBuildFile; fileRef = CEB4DCCC2CB87EFE006C241A /* ViewController.swift */; };
		CEB4DCD22CB87F01006C241A /* Assets.xcassets in Resources */ = {isa = PBXBuildFile; fileRef = CEB4DCD12CB87F01006C241A /* Assets.xcassets */; };
		CEB4DCD52CB87F01006C241A /* LaunchScreen.storyboard in Resources */ = {isa = PBXBuildFile; fileRef = CEB4DCD32CB87F01006C241A /* LaunchScreen.storyboard */; };
		CEF98ED22CBAD63400CEB4AD /* ScannerQRApp.swift in Sources */ = {isa = PBXBuildFile; fileRef = CEF98ED12CBAD63400CEB4AD /* ScannerQRApp.swift */; };
		CEF98ED42CBAF03200CEB4AD /* ContentView.swift in Sources */ = {isa = PBXBuildFile; fileRef = CEF98ED32CBAF03200CEB4AD /* ContentView.swift */; };
		CEF98ED92CBB2BF900CEB4AD /* Main.storyboard in Resources */ = {isa = PBXBuildFile; fileRef = CEF98ED82CBB2BF900CEB4AD /* Main.storyboard */; };
/* End PBXBuildFile section */

/* Begin PBXFileReference section */
		A639B8A82CDF8B9900B42806 /* ImagePicker.swift */ = {isa = PBXFileReference; lastKnownFileType = sourcecode.swift; path = ImagePicker.swift; sourceTree = "<group>"; };
		A639B8AA2CDF8CBD00B42806 /* LinkCheckView.swift */ = {isa = PBXFileReference; lastKnownFileType = sourcecode.swift; path = LinkCheckView.swift; sourceTree = "<group>"; };
		A639B8AC2CDF8CF000B42806 /* DocumentPicker.swift */ = {isa = PBXFileReference; lastKnownFileType = sourcecode.swift; path = DocumentPicker.swift; sourceTree = "<group>"; };
		A639B8B02CDF8D1F00B42806 /* QRCodeScanner.swift */ = {isa = PBXFileReference; lastKnownFileType = sourcecode.swift; path = QRCodeScanner.swift; sourceTree = "<group>"; };
		A639B8B22CDF8D3000B42806 /* ScanResponse.swift */ = {isa = PBXFileReference; lastKnownFileType = sourcecode.swift; path = ScanResponse.swift; sourceTree = "<group>"; };
		CE8D62362CDFA2BD00A831A1 /* ProfileView.swift */ = {isa = PBXFileReference; lastKnownFileType = sourcecode.swift; path = ProfileView.swift; sourceTree = "<group>"; };
		CEB4DCC52CB87EFE006C241A /* FalconSafe.app */ = {isa = PBXFileReference; explicitFileType = wrapper.application; includeInIndex = 0; path = FalconSafe.app; sourceTree = BUILT_PRODUCTS_DIR; };
		CEB4DCCC2CB87EFE006C241A /* ViewController.swift */ = {isa = PBXFileReference; lastKnownFileType = sourcecode.swift; path = ViewController.swift; sourceTree = "<group>"; };
		CEB4DCD12CB87F01006C241A /* Assets.xcassets */ = {isa = PBXFileReference; lastKnownFileType = folder.assetcatalog; path = Assets.xcassets; sourceTree = "<group>"; };
		CEB4DCD42CB87F01006C241A /* Base */ = {isa = PBXFileReference; lastKnownFileType = file.storyboard; name = Base; path = Base.lproj/LaunchScreen.storyboard; sourceTree = "<group>"; };
		CEB4DCD62CB87F01006C241A /* Info.plist */ = {isa = PBXFileReference; lastKnownFileType = text.plist.xml; path = Info.plist; sourceTree = "<group>"; };
		CEF98ED12CBAD63400CEB4AD /* ScannerQRApp.swift */ = {isa = PBXFileReference; lastKnownFileType = sourcecode.swift; path = ScannerQRApp.swift; sourceTree = "<group>"; };
		CEF98ED32CBAF03200CEB4AD /* ContentView.swift */ = {isa = PBXFileReference; lastKnownFileType = sourcecode.swift; path = ContentView.swift; sourceTree = "<group>"; };
		CEF98ED82CBB2BF900CEB4AD /* Main.storyboard */ = {isa = PBXFileReference; lastKnownFileType = file.storyboard; path = Main.storyboard; sourceTree = "<group>"; };
/* End PBXFileReference section */

/* Begin PBXFrameworksBuildPhase section */
		CEB4DCC22CB87EFE006C241A /* Frameworks */ = {
			isa = PBXFrameworksBuildPhase;
			buildActionMask = 2147483647;
			files = (
			);
			runOnlyForDeploymentPostprocessing = 0;
		};
/* End PBXFrameworksBuildPhase section */

/* Begin PBXGroup section */
		CEB4DCBC2CB87EFE006C241A = {
			isa = PBXGroup;
			children = (
				CEB4DCC72CB87EFE006C241A /* ScannerQR */,
				CEB4DCC62CB87EFE006C241A /* Products */,
			);
			sourceTree = "<group>";
		};
		CEB4DCC62CB87EFE006C241A /* Products */ = {
			isa = PBXGroup;
			children = (
				CEB4DCC52CB87EFE006C241A /* FalconSafe.app */,
			);
			name = Products;
			sourceTree = "<group>";
		};
		CEB4DCC72CB87EFE006C241A /* ScannerQR */ = {
			isa = PBXGroup;
			children = (
				A639B8B22CDF8D3000B42806 /* ScanResponse.swift */,
				A639B8B02CDF8D1F00B42806 /* QRCodeScanner.swift */,
				A639B8AC2CDF8CF000B42806 /* DocumentPicker.swift */,
				A639B8AA2CDF8CBD00B42806 /* LinkCheckView.swift */,
				A639B8A82CDF8B9900B42806 /* ImagePicker.swift */,
				CEB4DCCC2CB87EFE006C241A /* ViewController.swift */,
				CEF98ED12CBAD63400CEB4AD /* ScannerQRApp.swift */,
				CEF98ED82CBB2BF900CEB4AD /* Main.storyboard */,
				CEF98ED32CBAF03200CEB4AD /* ContentView.swift */,
				CEB4DCD12CB87F01006C241A /* Assets.xcassets */,
				CEB4DCD32CB87F01006C241A /* LaunchScreen.storyboard */,
				CEB4DCD62CB87F01006C241A /* Info.plist */,
				CE8D62362CDFA2BD00A831A1 /* ProfileView.swift */,
			);
			path = ScannerQR;
			sourceTree = "<group>";
		};
/* End PBXGroup section */

/* Begin PBXNativeTarget section */
		CEB4DCC42CB87EFE006C241A /* FalconSafe */ = {
			isa = PBXNativeTarget;
			buildConfigurationList = CEB4DCD92CB87F01006C241A /* Build configuration list for PBXNativeTarget "FalconSafe" */;
			buildPhases = (
				CEB4DCC12CB87EFE006C241A /* Sources */,
				CEB4DCC22CB87EFE006C241A /* Frameworks */,
				CEB4DCC32CB87EFE006C241A /* Resources */,
			);
			buildRules = (
			);
			dependencies = (
			);
			name = FalconSafe;
			productName = ScannerQR;
			productReference = CEB4DCC52CB87EFE006C241A /* FalconSafe.app */;
			productType = "com.apple.product-type.application";
		};
/* End PBXNativeTarget section */

/* Begin PBXProject section */
		CEB4DCBD2CB87EFE006C241A /* Project object */ = {
			isa = PBXProject;
			attributes = {
				BuildIndependentTargetsInParallel = 1;
				LastSwiftUpdateCheck = 1420;
				LastUpgradeCheck = 1420;
				TargetAttributes = {
					CEB4DCC42CB87EFE006C241A = {
						CreatedOnToolsVersion = 14.2;
					};
				};
			};
			buildConfigurationList = CEB4DCC02CB87EFE006C241A /* Build configuration list for PBXProject "ScannerQR" */;
			compatibilityVersion = "Xcode 14.0";
			developmentRegion = en;
			hasScannedForEncodings = 0;
			knownRegions = (
				en,
				Base,
			);
			mainGroup = CEB4DCBC2CB87EFE006C241A;
			productRefGroup = CEB4DCC62CB87EFE006C241A /* Products */;
			projectDirPath = "";
			projectRoot = "";
			targets = (
				CEB4DCC42CB87EFE006C241A /* FalconSafe */,
			);
		};
/* End PBXProject section */

/* Begin PBXResourcesBuildPhase section */
		CEB4DCC32CB87EFE006C241A /* Resources */ = {
			isa = PBXResourcesBuildPhase;
			buildActionMask = 2147483647;
			files = (
				CEF98ED92CBB2BF900CEB4AD /* Main.storyboard in Resources */,
				CEB4DCD52CB87F01006C241A /* LaunchScreen.storyboard in Resources */,
				CEB4DCD22CB87F01006C241A /* Assets.xcassets in Resources */,
			);
			runOnlyForDeploymentPostprocessing = 0;
		};
/* End PBXResourcesBuildPhase section */

/* Begin PBXSourcesBuildPhase section */
		CEB4DCC12CB87EFE006C241A /* Sources */ = {
			isa = PBXSourcesBuildPhase;
			buildActionMask = 2147483647;
			files = (
				A639B8AB2CDF8CCB00B42806 /* LinkCheckView.swift in Sources */,
				CE8D62372CDFA2BD00A831A1 /* ProfileView.swift in Sources */,
				A639B8B32CDF8D3B00B42806 /* ScanResponse.swift in Sources */,
				CEB4DCCD2CB87EFE006C241A /* ViewController.swift in Sources */,
				CEF98ED22CBAD63400CEB4AD /* ScannerQRApp.swift in Sources */,
				A639B8A92CDF8BA300B42806 /* ImagePicker.swift in Sources */,
				A639B8B12CDF8D2300B42806 /* QRCodeScanner.swift in Sources */,
				A639B8AD2CDF8CF900B42806 /* DocumentPicker.swift in Sources */,
				CEF98ED42CBAF03200CEB4AD /* ContentView.swift in Sources */,
			);
			runOnlyForDeploymentPostprocessing = 0;
		};
/* End PBXSourcesBuildPhase section */

/* Begin PBXVariantGroup section */
		CEB4DCD32CB87F01006C241A /* LaunchScreen.storyboard */ = {
			isa = PBXVariantGroup;
			children = (
				CEB4DCD42CB87F01006C241A /* Base */,
			);
			name = LaunchScreen.storyboard;
			sourceTree = "<group>";
		};
/* End PBXVariantGroup section */

/* Begin XCBuildConfiguration section */
		CEB4DCD72CB87F01006C241A /* Debug */ = {
			isa = XCBuildConfiguration;
			buildSettings = {
				ALWAYS_SEARCH_USER_PATHS = NO;
				CLANG_ANALYZER_NONNULL = YES;
				CLANG_ANALYZER_NUMBER_OBJECT_CONVERSION = YES_AGGRESSIVE;
				CLANG_CXX_LANGUAGE_STANDARD = "gnu++20";
				CLANG_ENABLE_MODULES = YES;
				CLANG_ENABLE_OBJC_ARC = YES;
				CLANG_ENABLE_OBJC_WEAK = YES;
				CLANG_WARN_BLOCK_CAPTURE_AUTORELEASING = YES;
				CLANG_WARN_BOOL_CONVERSION = YES;
				CLANG_WARN_COMMA = YES;
				CLANG_WARN_CONSTANT_CONVERSION = YES;
				CLANG_WARN_DEPRECATED_OBJC_IMPLEMENTATIONS = YES;
				CLANG_WARN_DIRECT_OBJC_ISA_USAGE = YES_ERROR;
				CLANG_WARN_DOCUMENTATION_COMMENTS = YES;
				CLANG_WARN_EMPTY_BODY = YES;
				CLANG_WARN_ENUM_CONVERSION = YES;
				CLANG_WARN_INFINITE_RECURSION = YES;
				CLANG_WARN_INT_CONVERSION = YES;
				CLANG_WARN_NON_LITERAL_NULL_CONVERSION = YES;
				CLANG_WARN_OBJC_IMPLICIT_RETAIN_SELF = YES;
				CLANG_WARN_OBJC_LITERAL_CONVERSION = YES;
				CLANG_WARN_OBJC_ROOT_CLASS = YES_ERROR;
				CLANG_WARN_QUOTED_INCLUDE_IN_FRAMEWORK_HEADER = YES;
				CLANG_WARN_RANGE_LOOP_ANALYSIS = YES;
				CLANG_WARN_STRICT_PROTOTYPES = YES;
				CLANG_WARN_SUSPICIOUS_MOVE = YES;
				CLANG_WARN_UNGUARDED_AVAILABILITY = YES_AGGRESSIVE;
				CLANG_WARN_UNREACHABLE_CODE = YES;
				CLANG_WARN__DUPLICATE_METHOD_MATCH = YES;
				COPY_PHASE_STRIP = NO;
				DEBUG_INFORMATION_FORMAT = dwarf;
				ENABLE_STRICT_OBJC_MSGSEND = YES;
				ENABLE_TESTABILITY = YES;
				GCC_C_LANGUAGE_STANDARD = gnu11;
				GCC_DYNAMIC_NO_PIC = NO;
				GCC_NO_COMMON_BLOCKS = YES;
				GCC_OPTIMIZATION_LEVEL = 0;
				GCC_PREPROCESSOR_DEFINITIONS = (
					"DEBUG=1",
					"$(inherited)",
				);
				GCC_WARN_64_TO_32_BIT_CONVERSION = YES;
				GCC_WARN_ABOUT_RETURN_TYPE = YES_ERROR;
				GCC_WARN_UNDECLARED_SELECTOR = YES;
				GCC_WARN_UNINITIALIZED_AUTOS = YES_AGGRESSIVE;
				GCC_WARN_UNUSED_FUNCTION = YES;
				GCC_WARN_UNUSED_VARIABLE = YES;
				IPHONEOS_DEPLOYMENT_TARGET = 16.2;
				MTL_ENABLE_DEBUG_INFO = INCLUDE_SOURCE;
				MTL_FAST_MATH = YES;
				ONLY_ACTIVE_ARCH = YES;
				SDKROOT = iphoneos;
				SWIFT_ACTIVE_COMPILATION_CONDITIONS = DEBUG;
				SWIFT_OPTIMIZATION_LEVEL = "-Onone";
			};
			name = Debug;
		};
		CEB4DCD82CB87F01006C241A /* Release */ = {
			isa = XCBuildConfiguration;
			buildSettings = {
				ALWAYS_SEARCH_USER_PATHS = NO;
				CLANG_ANALYZER_NONNULL = YES;
				CLANG_ANALYZER_NUMBER_OBJECT_CONVERSION = YES_AGGRESSIVE;
				CLANG_CXX_LANGUAGE_STANDARD = "gnu++20";
				CLANG_ENABLE_MODULES = YES;
				CLANG_ENABLE_OBJC_ARC = YES;
				CLANG_ENABLE_OBJC_WEAK = YES;
				CLANG_WARN_BLOCK_CAPTURE_AUTORELEASING = YES;
				CLANG_WARN_BOOL_CONVERSION = YES;
				CLANG_WARN_COMMA = YES;
				CLANG_WARN_CONSTANT_CONVERSION = YES;
				CLANG_WARN_DEPRECATED_OBJC_IMPLEMENTATIONS = YES;
				CLANG_WARN_DIRECT_OBJC_ISA_USAGE = YES_ERROR;
				CLANG_WARN_DOCUMENTATION_COMMENTS = YES;
				CLANG_WARN_EMPTY_BODY = YES;
				CLANG_WARN_ENUM_CONVERSION = YES;
				CLANG_WARN_INFINITE_RECURSION = YES;
				CLANG_WARN_INT_CONVERSION = YES;
				CLANG_WARN_NON_LITERAL_NULL_CONVERSION = YES;
				CLANG_WARN_OBJC_IMPLICIT_RETAIN_SELF = YES;
				CLANG_WARN_OBJC_LITERAL_CONVERSION = YES;
				CLANG_WARN_OBJC_ROOT_CLASS = YES_ERROR;
				CLANG_WARN_QUOTED_INCLUDE_IN_FRAMEWORK_HEADER = YES;
				CLANG_WARN_RANGE_LOOP_ANALYSIS = YES;
				CLANG_WARN_STRICT_PROTOTYPES = YES;
				CLANG_WARN_SUSPICIOUS_MOVE = YES;
				CLANG_WARN_UNGUARDED_AVAILABILITY = YES_AGGRESSIVE;
				CLANG_WARN_UNREACHABLE_CODE = YES;
				CLANG_WARN__DUPLICATE_METHOD_MATCH = YES;
				COPY_PHASE_STRIP = NO;
				DEBUG_INFORMATION_FORMAT = "dwarf-with-dsym";
				ENABLE_NS_ASSERTIONS = NO;
				ENABLE_STRICT_OBJC_MSGSEND = YES;
				GCC_C_LANGUAGE_STANDARD = gnu11;
				GCC_NO_COMMON_BLOCKS = YES;
				GCC_WARN_64_TO_32_BIT_CONVERSION = YES;
				GCC_WARN_ABOUT_RETURN_TYPE = YES_ERROR;
				GCC_WARN_UNDECLARED_SELECTOR = YES;
				GCC_WARN_UNINITIALIZED_AUTOS = YES_AGGRESSIVE;
				GCC_WARN_UNUSED_FUNCTION = YES;
				GCC_WARN_UNUSED_VARIABLE = YES;
				IPHONEOS_DEPLOYMENT_TARGET = 16.2;
				MTL_ENABLE_DEBUG_INFO = NO;
				MTL_FAST_MATH = YES;
				SDKROOT = iphoneos;
				SWIFT_COMPILATION_MODE = wholemodule;
				SWIFT_OPTIMIZATION_LEVEL = "-O";
				VALIDATE_PRODUCT = YES;
			};
			name = Release;
		};
		CEB4DCDA2CB87F01006C241A /* Debug */ = {
			isa = XCBuildConfiguration;
			buildSettings = {
				ASSETCATALOG_COMPILER_APPICON_NAME = AppIcon;
				ASSETCATALOG_COMPILER_GLOBAL_ACCENT_COLOR_NAME = AccentColor;
				CODE_SIGN_STYLE = Automatic;
				CURRENT_PROJECT_VERSION = 1;
				DEVELOPMENT_TEAM = 529TRZQVM4;
				GENERATE_INFOPLIST_FILE = YES;
				INFOPLIST_FILE = ScannerQR/Info.plist;
				INFOPLIST_KEY_NSCameraUsageDescription = "This app need to use your camera.";
				INFOPLIST_KEY_UIApplicationSupportsIndirectInputEvents = YES;
				INFOPLIST_KEY_UILaunchStoryboardName = LaunchScreen;
				INFOPLIST_KEY_UIRequiredDeviceCapabilities = armv7;
				INFOPLIST_KEY_UISupportedInterfaceOrientations = "UIInterfaceOrientationPortrait UIInterfaceOrientationLandscapeLeft UIInterfaceOrientationLandscapeRight";
				INFOPLIST_KEY_UISupportedInterfaceOrientations_iPad = "UIInterfaceOrientationPortrait UIInterfaceOrientationPortraitUpsideDown UIInterfaceOrientationLandscapeLeft UIInterfaceOrientationLandscapeRight";
				INFOPLIST_KEY_UISupportedInterfaceOrientations_iPhone = "UIInterfaceOrientationPortrait UIInterfaceOrientationLandscapeLeft UIInterfaceOrientationLandscapeRight";
				LD_RUNPATH_SEARCH_PATHS = (
					"$(inherited)",
					"@executable_path/Frameworks",
				);
				MARKETING_VERSION = 1.0;
				PRODUCT_BUNDLE_IDENTIFIER = example.ScannerQR;
				PRODUCT_NAME = "$(TARGET_NAME)";
				SWIFT_EMIT_LOC_STRINGS = YES;
				SWIFT_VERSION = 5.0;
				TARGETED_DEVICE_FAMILY = "1,2";
			};
			name = Debug;
		};
		CEB4DCDB2CB87F01006C241A /* Release */ = {
			isa = XCBuildConfiguration;
			buildSettings = {
				ASSETCATALOG_COMPILER_APPICON_NAME = AppIcon;
				ASSETCATALOG_COMPILER_GLOBAL_ACCENT_COLOR_NAME = AccentColor;
				CODE_SIGN_STYLE = Automatic;
				CURRENT_PROJECT_VERSION = 1;
				DEVELOPMENT_TEAM = 529TRZQVM4;
				GENERATE_INFOPLIST_FILE = YES;
				INFOPLIST_FILE = ScannerQR/Info.plist;
				INFOPLIST_KEY_NSCameraUsageDescription = "This app need to use your camera.";
				INFOPLIST_KEY_UIApplicationSupportsIndirectInputEvents = YES;
				INFOPLIST_KEY_UILaunchStoryboardName = LaunchScreen;
				INFOPLIST_KEY_UIRequiredDeviceCapabilities = armv7;
				INFOPLIST_KEY_UISupportedInterfaceOrientations = "UIInterfaceOrientationPortrait UIInterfaceOrientationLandscapeLeft UIInterfaceOrientationLandscapeRight";
				INFOPLIST_KEY_UISupportedInterfaceOrientations_iPad = "UIInterfaceOrientationPortrait UIInterfaceOrientationPortraitUpsideDown UIInterfaceOrientationLandscapeLeft UIInterfaceOrientationLandscapeRight";
				INFOPLIST_KEY_UISupportedInterfaceOrientations_iPhone = "UIInterfaceOrientationPortrait UIInterfaceOrientationLandscapeLeft UIInterfaceOrientationLandscapeRight";
				LD_RUNPATH_SEARCH_PATHS = (
					"$(inherited)",
					"@executable_path/Frameworks",
				);
				MARKETING_VERSION = 1.0;
				PRODUCT_BUNDLE_IDENTIFIER = example.ScannerQR;
				PRODUCT_NAME = "$(TARGET_NAME)";
				SWIFT_EMIT_LOC_STRINGS = YES;
				SWIFT_VERSION = 5.0;
				TARGETED_DEVICE_FAMILY = "1,2";
			};
			name = Release;
		};
/* End XCBuildConfiguration section */

/* Begin XCConfigurationList section */
		CEB4DCC02CB87EFE006C241A /* Build configuration list for PBXProject "ScannerQR" */ = {
			isa = XCConfigurationList;
			buildConfigurations = (
				CEB4DCD72CB87F01006C241A /* Debug */,
				CEB4DCD82CB87F01006C241A /* Release */,
			);
			defaultConfigurationIsVisible = 0;
			defaultConfigurationName = Release;
		};
		CEB4DCD92CB87F01006C241A /* Build configuration list for PBXNativeTarget "FalconSafe" */ = {
			isa = XCConfigurationList;
			buildConfigurations = (
				CEB4DCDA2CB87F01006C241A /* Debug */,
				CEB4DCDB2CB87F01006C241A /* Release */,
			);
			defaultConfigurationIsVisible = 0;
			defaultConfigurationName = Release;
		};
/* End XCConfigurationList section */
	};
	rootObject = CEB4DCBD2CB87EFE006C241A /* Project object */;
}
